// !$*UTF8*$!
{
	archiveVersion = 1;
	classes = {
	};
	objectVersion = 55;
	objects = {

/* Begin PBXBuildFile section */
		284716B1290B756F00D53225 /* AddClubViewController.swift in Sources */ = {isa = PBXBuildFile; fileRef = 284716B0290B756F00D53225 /* AddClubViewController.swift */; };
		284716B3290B75E700D53225 /* ExploreViewController.swift in Sources */ = {isa = PBXBuildFile; fileRef = 284716B2290B75E700D53225 /* ExploreViewController.swift */; };
		284716B5290B763C00D53225 /* ClubCell.swift in Sources */ = {isa = PBXBuildFile; fileRef = 284716B4290B763C00D53225 /* ClubCell.swift */; };
		2869F1D2290AFC00009B6240 /* DetailClubViewController.swift in Sources */ = {isa = PBXBuildFile; fileRef = 2869F1D1290AFC00009B6240 /* DetailClubViewController.swift */; };
		565788BEE9D44A32F3B0CB4E /* Pods_ClubHub_ClubHubUITests.framework in Frameworks */ = {isa = PBXBuildFile; fileRef = AA2230759940521B720E9722 /* Pods_ClubHub_ClubHubUITests.framework */; };
		90EF7E94FC6D2AE987C7CE81 /* Pods_ClubHubTests.framework in Frameworks */ = {isa = PBXBuildFile; fileRef = 1B2B0F4508CFAA9AE161EB98 /* Pods_ClubHubTests.framework */; };
		B9C3D6FEAA3997A8FE00544A /* Pods_ClubHub.framework in Frameworks */ = {isa = PBXBuildFile; fileRef = 9BF785DEE3DD267E76C59858 /* Pods_ClubHub.framework */; };
		FC7FBD93290980B6006070B9 /* AppDelegate.swift in Sources */ = {isa = PBXBuildFile; fileRef = FC7FBD92290980B6006070B9 /* AppDelegate.swift */; };
		FC7FBD95290980B6006070B9 /* SceneDelegate.swift in Sources */ = {isa = PBXBuildFile; fileRef = FC7FBD94290980B6006070B9 /* SceneDelegate.swift */; };
		FC7FBD9A290980B6006070B9 /* Main.storyboard in Resources */ = {isa = PBXBuildFile; fileRef = FC7FBD98290980B6006070B9 /* Main.storyboard */; };
		FC7FBD9C290980B8006070B9 /* Assets.xcassets in Resources */ = {isa = PBXBuildFile; fileRef = FC7FBD9B290980B8006070B9 /* Assets.xcassets */; };
		FC7FBD9F290980B8006070B9 /* LaunchScreen.storyboard in Resources */ = {isa = PBXBuildFile; fileRef = FC7FBD9D290980B8006070B9 /* LaunchScreen.storyboard */; };
		FC7FBDAA290980B8006070B9 /* ClubHubTests.swift in Sources */ = {isa = PBXBuildFile; fileRef = FC7FBDA9290980B8006070B9 /* ClubHubTests.swift */; };
		FC7FBDB4290980B8006070B9 /* ClubHubUITests.swift in Sources */ = {isa = PBXBuildFile; fileRef = FC7FBDB3290980B8006070B9 /* ClubHubUITests.swift */; };
		FC7FBDB6290980B8006070B9 /* ClubHubUITestsLaunchTests.swift in Sources */ = {isa = PBXBuildFile; fileRef = FC7FBDB5290980B8006070B9 /* ClubHubUITestsLaunchTests.swift */; };
		FC7FBDC32909EFEB006070B9 /* LoginViewController.swift in Sources */ = {isa = PBXBuildFile; fileRef = FC7FBDC22909EFEB006070B9 /* LoginViewController.swift */; };
/* End PBXBuildFile section */

/* Begin PBXContainerItemProxy section */
		FC7FBDA6290980B8006070B9 /* PBXContainerItemProxy */ = {
			isa = PBXContainerItemProxy;
			containerPortal = FC7FBD87290980B6006070B9 /* Project object */;
			proxyType = 1;
			remoteGlobalIDString = FC7FBD8E290980B6006070B9;
			remoteInfo = ClubHub;
		};
		FC7FBDB0290980B8006070B9 /* PBXContainerItemProxy */ = {
			isa = PBXContainerItemProxy;
			containerPortal = FC7FBD87290980B6006070B9 /* Project object */;
			proxyType = 1;
			remoteGlobalIDString = FC7FBD8E290980B6006070B9;
			remoteInfo = ClubHub;
		};
/* End PBXContainerItemProxy section */

/* Begin PBXFileReference section */
		1B2B0F4508CFAA9AE161EB98 /* Pods_ClubHubTests.framework */ = {isa = PBXFileReference; explicitFileType = wrapper.framework; includeInIndex = 0; path = Pods_ClubHubTests.framework; sourceTree = BUILT_PRODUCTS_DIR; };
		284716B0290B756F00D53225 /* AddClubViewController.swift */ = {isa = PBXFileReference; lastKnownFileType = sourcecode.swift; path = AddClubViewController.swift; sourceTree = "<group>"; };
		284716B2290B75E700D53225 /* ExploreViewController.swift */ = {isa = PBXFileReference; lastKnownFileType = sourcecode.swift; path = ExploreViewController.swift; sourceTree = "<group>"; };
		284716B4290B763C00D53225 /* ClubCell.swift */ = {isa = PBXFileReference; lastKnownFileType = sourcecode.swift; path = ClubCell.swift; sourceTree = "<group>"; };
		2869F1D1290AFC00009B6240 /* DetailClubViewController.swift */ = {isa = PBXFileReference; lastKnownFileType = sourcecode.swift; path = DetailClubViewController.swift; sourceTree = "<group>"; };
		2D9B21D240D7CEF2A00A43CA /* Pods-ClubHubTests.debug.xcconfig */ = {isa = PBXFileReference; includeInIndex = 1; lastKnownFileType = text.xcconfig; name = "Pods-ClubHubTests.debug.xcconfig"; path = "Target Support Files/Pods-ClubHubTests/Pods-ClubHubTests.debug.xcconfig"; sourceTree = "<group>"; };
		7C8C34F17702D618BD155ED9 /* Pods-ClubHub.debug.xcconfig */ = {isa = PBXFileReference; includeInIndex = 1; lastKnownFileType = text.xcconfig; name = "Pods-ClubHub.debug.xcconfig"; path = "Target Support Files/Pods-ClubHub/Pods-ClubHub.debug.xcconfig"; sourceTree = "<group>"; };
		9BF785DEE3DD267E76C59858 /* Pods_ClubHub.framework */ = {isa = PBXFileReference; explicitFileType = wrapper.framework; includeInIndex = 0; path = Pods_ClubHub.framework; sourceTree = BUILT_PRODUCTS_DIR; };
		A42893D97E5C12D366351F3A /* Pods-ClubHub-ClubHubUITests.debug.xcconfig */ = {isa = PBXFileReference; includeInIndex = 1; lastKnownFileType = text.xcconfig; name = "Pods-ClubHub-ClubHubUITests.debug.xcconfig"; path = "Target Support Files/Pods-ClubHub-ClubHubUITests/Pods-ClubHub-ClubHubUITests.debug.xcconfig"; sourceTree = "<group>"; };
		AA05E97CF445971AC90535D1 /* Pods-ClubHubTests.release.xcconfig */ = {isa = PBXFileReference; includeInIndex = 1; lastKnownFileType = text.xcconfig; name = "Pods-ClubHubTests.release.xcconfig"; path = "Target Support Files/Pods-ClubHubTests/Pods-ClubHubTests.release.xcconfig"; sourceTree = "<group>"; };
		AA2230759940521B720E9722 /* Pods_ClubHub_ClubHubUITests.framework */ = {isa = PBXFileReference; explicitFileType = wrapper.framework; includeInIndex = 0; path = Pods_ClubHub_ClubHubUITests.framework; sourceTree = BUILT_PRODUCTS_DIR; };
		C66C2455B22A4A4461CBF547 /* Pods-ClubHub-ClubHubUITests.release.xcconfig */ = {isa = PBXFileReference; includeInIndex = 1; lastKnownFileType = text.xcconfig; name = "Pods-ClubHub-ClubHubUITests.release.xcconfig"; path = "Target Support Files/Pods-ClubHub-ClubHubUITests/Pods-ClubHub-ClubHubUITests.release.xcconfig"; sourceTree = "<group>"; };
		FC7FBD8F290980B6006070B9 /* ClubHub.app */ = {isa = PBXFileReference; explicitFileType = wrapper.application; includeInIndex = 0; path = ClubHub.app; sourceTree = BUILT_PRODUCTS_DIR; };
		FC7FBD92290980B6006070B9 /* AppDelegate.swift */ = {isa = PBXFileReference; lastKnownFileType = sourcecode.swift; path = AppDelegate.swift; sourceTree = "<group>"; };
		FC7FBD94290980B6006070B9 /* SceneDelegate.swift */ = {isa = PBXFileReference; lastKnownFileType = sourcecode.swift; path = SceneDelegate.swift; sourceTree = "<group>"; };
		FC7FBD99290980B6006070B9 /* Base */ = {isa = PBXFileReference; lastKnownFileType = file.storyboard; name = Base; path = Base.lproj/Main.storyboard; sourceTree = "<group>"; };
		FC7FBD9B290980B8006070B9 /* Assets.xcassets */ = {isa = PBXFileReference; lastKnownFileType = folder.assetcatalog; path = Assets.xcassets; sourceTree = "<group>"; };
		FC7FBD9E290980B8006070B9 /* Base */ = {isa = PBXFileReference; lastKnownFileType = file.storyboard; name = Base; path = Base.lproj/LaunchScreen.storyboard; sourceTree = "<group>"; };
		FC7FBDA0290980B8006070B9 /* Info.plist */ = {isa = PBXFileReference; lastKnownFileType = text.plist.xml; path = Info.plist; sourceTree = "<group>"; };
		FC7FBDA5290980B8006070B9 /* ClubHubTests.xctest */ = {isa = PBXFileReference; explicitFileType = wrapper.cfbundle; includeInIndex = 0; path = ClubHubTests.xctest; sourceTree = BUILT_PRODUCTS_DIR; };
		FC7FBDA9290980B8006070B9 /* ClubHubTests.swift */ = {isa = PBXFileReference; lastKnownFileType = sourcecode.swift; path = ClubHubTests.swift; sourceTree = "<group>"; };
		FC7FBDAF290980B8006070B9 /* ClubHubUITests.xctest */ = {isa = PBXFileReference; explicitFileType = wrapper.cfbundle; includeInIndex = 0; path = ClubHubUITests.xctest; sourceTree = BUILT_PRODUCTS_DIR; };
		FC7FBDB3290980B8006070B9 /* ClubHubUITests.swift */ = {isa = PBXFileReference; lastKnownFileType = sourcecode.swift; path = ClubHubUITests.swift; sourceTree = "<group>"; };
		FC7FBDB5290980B8006070B9 /* ClubHubUITestsLaunchTests.swift */ = {isa = PBXFileReference; lastKnownFileType = sourcecode.swift; path = ClubHubUITestsLaunchTests.swift; sourceTree = "<group>"; };
		FC7FBDC22909EFEB006070B9 /* LoginViewController.swift */ = {isa = PBXFileReference; lastKnownFileType = sourcecode.swift; path = LoginViewController.swift; sourceTree = "<group>"; };
		FD77588F8EC74DE93CA359B8 /* Pods-ClubHub.release.xcconfig */ = {isa = PBXFileReference; includeInIndex = 1; lastKnownFileType = text.xcconfig; name = "Pods-ClubHub.release.xcconfig"; path = "Target Support Files/Pods-ClubHub/Pods-ClubHub.release.xcconfig"; sourceTree = "<group>"; };
/* End PBXFileReference section */

/* Begin PBXFrameworksBuildPhase section */
		FC7FBD8C290980B6006070B9 /* Frameworks */ = {
			isa = PBXFrameworksBuildPhase;
			buildActionMask = 2147483647;
			files = (
				B9C3D6FEAA3997A8FE00544A /* Pods_ClubHub.framework in Frameworks */,
			);
			runOnlyForDeploymentPostprocessing = 0;
		};
		FC7FBDA2290980B8006070B9 /* Frameworks */ = {
			isa = PBXFrameworksBuildPhase;
			buildActionMask = 2147483647;
			files = (
				90EF7E94FC6D2AE987C7CE81 /* Pods_ClubHubTests.framework in Frameworks */,
			);
			runOnlyForDeploymentPostprocessing = 0;
		};
		FC7FBDAC290980B8006070B9 /* Frameworks */ = {
			isa = PBXFrameworksBuildPhase;
			buildActionMask = 2147483647;
			files = (
				565788BEE9D44A32F3B0CB4E /* Pods_ClubHub_ClubHubUITests.framework in Frameworks */,
			);
			runOnlyForDeploymentPostprocessing = 0;
		};
/* End PBXFrameworksBuildPhase section */

/* Begin PBXGroup section */
		480C1E52ADA5798FFA3523AB /* Pods */ = {
			isa = PBXGroup;
			children = (
				7C8C34F17702D618BD155ED9 /* Pods-ClubHub.debug.xcconfig */,
				FD77588F8EC74DE93CA359B8 /* Pods-ClubHub.release.xcconfig */,
				A42893D97E5C12D366351F3A /* Pods-ClubHub-ClubHubUITests.debug.xcconfig */,
				C66C2455B22A4A4461CBF547 /* Pods-ClubHub-ClubHubUITests.release.xcconfig */,
				2D9B21D240D7CEF2A00A43CA /* Pods-ClubHubTests.debug.xcconfig */,
				AA05E97CF445971AC90535D1 /* Pods-ClubHubTests.release.xcconfig */,
			);
			path = Pods;
			sourceTree = "<group>";
		};
		C30F726557E85BE898B207D5 /* Frameworks */ = {
			isa = PBXGroup;
			children = (
				9BF785DEE3DD267E76C59858 /* Pods_ClubHub.framework */,
				AA2230759940521B720E9722 /* Pods_ClubHub_ClubHubUITests.framework */,
				1B2B0F4508CFAA9AE161EB98 /* Pods_ClubHubTests.framework */,
			);
			name = Frameworks;
			sourceTree = "<group>";
		};
		FC7FBD86290980B6006070B9 = {
			isa = PBXGroup;
			children = (
				FC7FBD91290980B6006070B9 /* ClubHub */,
				FC7FBDA8290980B8006070B9 /* ClubHubTests */,
				FC7FBDB2290980B8006070B9 /* ClubHubUITests */,
				FC7FBD90290980B6006070B9 /* Products */,
				480C1E52ADA5798FFA3523AB /* Pods */,
				C30F726557E85BE898B207D5 /* Frameworks */,
			);
			sourceTree = "<group>";
		};
		FC7FBD90290980B6006070B9 /* Products */ = {
			isa = PBXGroup;
			children = (
				FC7FBD8F290980B6006070B9 /* ClubHub.app */,
				FC7FBDA5290980B8006070B9 /* ClubHubTests.xctest */,
				FC7FBDAF290980B8006070B9 /* ClubHubUITests.xctest */,
			);
			name = Products;
			sourceTree = "<group>";
		};
		FC7FBD91290980B6006070B9 /* ClubHub */ = {
			isa = PBXGroup;
			children = (
				FC7FBD92290980B6006070B9 /* AppDelegate.swift */,
				FC7FBD94290980B6006070B9 /* SceneDelegate.swift */,
				FC7FBD98290980B6006070B9 /* Main.storyboard */,
				FC7FBD9B290980B8006070B9 /* Assets.xcassets */,
				FC7FBD9D290980B8006070B9 /* LaunchScreen.storyboard */,
				FC7FBDA0290980B8006070B9 /* Info.plist */,
				FC7FBDC22909EFEB006070B9 /* LoginViewController.swift */,
				2869F1D1290AFC00009B6240 /* DetailClubViewController.swift */,
				284716B0290B756F00D53225 /* AddClubViewController.swift */,
				284716B2290B75E700D53225 /* ExploreViewController.swift */,
				284716B4290B763C00D53225 /* ClubCell.swift */,
			);
			path = ClubHub;
			sourceTree = "<group>";
		};
		FC7FBDA8290980B8006070B9 /* ClubHubTests */ = {
			isa = PBXGroup;
			children = (
				FC7FBDA9290980B8006070B9 /* ClubHubTests.swift */,
			);
			path = ClubHubTests;
			sourceTree = "<group>";
		};
		FC7FBDB2290980B8006070B9 /* ClubHubUITests */ = {
			isa = PBXGroup;
			children = (
				FC7FBDB3290980B8006070B9 /* ClubHubUITests.swift */,
				FC7FBDB5290980B8006070B9 /* ClubHubUITestsLaunchTests.swift */,
			);
			path = ClubHubUITests;
			sourceTree = "<group>";
		};
/* End PBXGroup section */

/* Begin PBXNativeTarget section */
		FC7FBD8E290980B6006070B9 /* ClubHub */ = {
			isa = PBXNativeTarget;
			buildConfigurationList = FC7FBDB9290980B8006070B9 /* Build configuration list for PBXNativeTarget "ClubHub" */;
			buildPhases = (
				0A2F699657831D2BB16E0B2E /* [CP] Check Pods Manifest.lock */,
				FC7FBD8B290980B6006070B9 /* Sources */,
				FC7FBD8C290980B6006070B9 /* Frameworks */,
				FC7FBD8D290980B6006070B9 /* Resources */,
				ADDCFE9F62851052BCF0972B /* [CP] Embed Pods Frameworks */,
			);
			buildRules = (
			);
			dependencies = (
			);
			name = ClubHub;
			productName = ClubHub;
			productReference = FC7FBD8F290980B6006070B9 /* ClubHub.app */;
			productType = "com.apple.product-type.application";
		};
		FC7FBDA4290980B8006070B9 /* ClubHubTests */ = {
			isa = PBXNativeTarget;
			buildConfigurationList = FC7FBDBC290980B8006070B9 /* Build configuration list for PBXNativeTarget "ClubHubTests" */;
			buildPhases = (
				95B24DBCFB2528B59D9E21C4 /* [CP] Check Pods Manifest.lock */,
				FC7FBDA1290980B8006070B9 /* Sources */,
				FC7FBDA2290980B8006070B9 /* Frameworks */,
				FC7FBDA3290980B8006070B9 /* Resources */,
			);
			buildRules = (
			);
			dependencies = (
				FC7FBDA7290980B8006070B9 /* PBXTargetDependency */,
			);
			name = ClubHubTests;
			productName = ClubHubTests;
			productReference = FC7FBDA5290980B8006070B9 /* ClubHubTests.xctest */;
			productType = "com.apple.product-type.bundle.unit-test";
		};
		FC7FBDAE290980B8006070B9 /* ClubHubUITests */ = {
			isa = PBXNativeTarget;
			buildConfigurationList = FC7FBDBF290980B8006070B9 /* Build configuration list for PBXNativeTarget "ClubHubUITests" */;
			buildPhases = (
				844BB16E556D6857C5E30B1F /* [CP] Check Pods Manifest.lock */,
				FC7FBDAB290980B8006070B9 /* Sources */,
				FC7FBDAC290980B8006070B9 /* Frameworks */,
				FC7FBDAD290980B8006070B9 /* Resources */,
				81F65174C0D1C7D750822CE3 /* [CP] Embed Pods Frameworks */,
			);
			buildRules = (
			);
			dependencies = (
				FC7FBDB1290980B8006070B9 /* PBXTargetDependency */,
			);
			name = ClubHubUITests;
			productName = ClubHubUITests;
			productReference = FC7FBDAF290980B8006070B9 /* ClubHubUITests.xctest */;
			productType = "com.apple.product-type.bundle.ui-testing";
		};
/* End PBXNativeTarget section */

/* Begin PBXProject section */
		FC7FBD87290980B6006070B9 /* Project object */ = {
			isa = PBXProject;
			attributes = {
				BuildIndependentTargetsInParallel = 1;
				LastSwiftUpdateCheck = 1400;
				LastUpgradeCheck = 1400;
				TargetAttributes = {
					FC7FBD8E290980B6006070B9 = {
						CreatedOnToolsVersion = 14.0.1;
					};
					FC7FBDA4290980B8006070B9 = {
						CreatedOnToolsVersion = 14.0.1;
						TestTargetID = FC7FBD8E290980B6006070B9;
					};
					FC7FBDAE290980B8006070B9 = {
						CreatedOnToolsVersion = 14.0.1;
						TestTargetID = FC7FBD8E290980B6006070B9;
					};
				};
			};
			buildConfigurationList = FC7FBD8A290980B6006070B9 /* Build configuration list for PBXProject "ClubHub" */;
			compatibilityVersion = "Xcode 13.0";
			developmentRegion = en;
			hasScannedForEncodings = 0;
			knownRegions = (
				en,
				Base,
			);
			mainGroup = FC7FBD86290980B6006070B9;
			productRefGroup = FC7FBD90290980B6006070B9 /* Products */;
			projectDirPath = "";
			projectRoot = "";
			targets = (
				FC7FBD8E290980B6006070B9 /* ClubHub */,
				FC7FBDA4290980B8006070B9 /* ClubHubTests */,
				FC7FBDAE290980B8006070B9 /* ClubHubUITests */,
			);
		};
/* End PBXProject section */

/* Begin PBXResourcesBuildPhase section */
		FC7FBD8D290980B6006070B9 /* Resources */ = {
			isa = PBXResourcesBuildPhase;
			buildActionMask = 2147483647;
			files = (
				FC7FBD9F290980B8006070B9 /* LaunchScreen.storyboard in Resources */,
				FC7FBD9C290980B8006070B9 /* Assets.xcassets in Resources */,
				FC7FBD9A290980B6006070B9 /* Main.storyboard in Resources */,
			);
			runOnlyForDeploymentPostprocessing = 0;
		};
		FC7FBDA3290980B8006070B9 /* Resources */ = {
			isa = PBXResourcesBuildPhase;
			buildActionMask = 2147483647;
			files = (
			);
			runOnlyForDeploymentPostprocessing = 0;
		};
		FC7FBDAD290980B8006070B9 /* Resources */ = {
			isa = PBXResourcesBuildPhase;
			buildActionMask = 2147483647;
			files = (
			);
			runOnlyForDeploymentPostprocessing = 0;
		};
/* End PBXResourcesBuildPhase section */

/* Begin PBXShellScriptBuildPhase section */
		0A2F699657831D2BB16E0B2E /* [CP] Check Pods Manifest.lock */ = {
			isa = PBXShellScriptBuildPhase;
			buildActionMask = 2147483647;
			files = (
			);
			inputFileListPaths = (
			);
			inputPaths = (
				"${PODS_PODFILE_DIR_PATH}/Podfile.lock",
				"${PODS_ROOT}/Manifest.lock",
			);
			name = "[CP] Check Pods Manifest.lock";
			outputFileListPaths = (
			);
			outputPaths = (
				"$(DERIVED_FILE_DIR)/Pods-ClubHub-checkManifestLockResult.txt",
			);
			runOnlyForDeploymentPostprocessing = 0;
			shellPath = /bin/sh;
			shellScript = "diff \"${PODS_PODFILE_DIR_PATH}/Podfile.lock\" \"${PODS_ROOT}/Manifest.lock\" > /dev/null\nif [ $? != 0 ] ; then\n    # print error to STDERR\n    echo \"error: The sandbox is not in sync with the Podfile.lock. Run 'pod install' or update your CocoaPods installation.\" >&2\n    exit 1\nfi\n# This output is used by Xcode 'outputs' to avoid re-running this script phase.\necho \"SUCCESS\" > \"${SCRIPT_OUTPUT_FILE_0}\"\n";
			showEnvVarsInLog = 0;
		};
		81F65174C0D1C7D750822CE3 /* [CP] Embed Pods Frameworks */ = {
			isa = PBXShellScriptBuildPhase;
			buildActionMask = 2147483647;
			files = (
			);
			inputFileListPaths = (
				"${PODS_ROOT}/Target Support Files/Pods-ClubHub-ClubHubUITests/Pods-ClubHub-ClubHubUITests-frameworks-${CONFIGURATION}-input-files.xcfilelist",
			);
			name = "[CP] Embed Pods Frameworks";
			outputFileListPaths = (
				"${PODS_ROOT}/Target Support Files/Pods-ClubHub-ClubHubUITests/Pods-ClubHub-ClubHubUITests-frameworks-${CONFIGURATION}-output-files.xcfilelist",
			);
			runOnlyForDeploymentPostprocessing = 0;
			shellPath = /bin/sh;
			shellScript = "\"${PODS_ROOT}/Target Support Files/Pods-ClubHub-ClubHubUITests/Pods-ClubHub-ClubHubUITests-frameworks.sh\"\n";
			showEnvVarsInLog = 0;
		};
		844BB16E556D6857C5E30B1F /* [CP] Check Pods Manifest.lock */ = {
			isa = PBXShellScriptBuildPhase;
			buildActionMask = 2147483647;
			files = (
			);
			inputFileListPaths = (
			);
			inputPaths = (
				"${PODS_PODFILE_DIR_PATH}/Podfile.lock",
				"${PODS_ROOT}/Manifest.lock",
			);
			name = "[CP] Check Pods Manifest.lock";
			outputFileListPaths = (
			);
			outputPaths = (
				"$(DERIVED_FILE_DIR)/Pods-ClubHub-ClubHubUITests-checkManifestLockResult.txt",
			);
			runOnlyForDeploymentPostprocessing = 0;
			shellPath = /bin/sh;
			shellScript = "diff \"${PODS_PODFILE_DIR_PATH}/Podfile.lock\" \"${PODS_ROOT}/Manifest.lock\" > /dev/null\nif [ $? != 0 ] ; then\n    # print error to STDERR\n    echo \"error: The sandbox is not in sync with the Podfile.lock. Run 'pod install' or update your CocoaPods installation.\" >&2\n    exit 1\nfi\n# This output is used by Xcode 'outputs' to avoid re-running this script phase.\necho \"SUCCESS\" > \"${SCRIPT_OUTPUT_FILE_0}\"\n";
			showEnvVarsInLog = 0;
		};
		95B24DBCFB2528B59D9E21C4 /* [CP] Check Pods Manifest.lock */ = {
			isa = PBXShellScriptBuildPhase;
			buildActionMask = 2147483647;
			files = (
			);
			inputFileListPaths = (
			);
			inputPaths = (
				"${PODS_PODFILE_DIR_PATH}/Podfile.lock",
				"${PODS_ROOT}/Manifest.lock",
			);
			name = "[CP] Check Pods Manifest.lock";
			outputFileListPaths = (
			);
			outputPaths = (
				"$(DERIVED_FILE_DIR)/Pods-ClubHubTests-checkManifestLockResult.txt",
			);
			runOnlyForDeploymentPostprocessing = 0;
			shellPath = /bin/sh;
			shellScript = "diff \"${PODS_PODFILE_DIR_PATH}/Podfile.lock\" \"${PODS_ROOT}/Manifest.lock\" > /dev/null\nif [ $? != 0 ] ; then\n    # print error to STDERR\n    echo \"error: The sandbox is not in sync with the Podfile.lock. Run 'pod install' or update your CocoaPods installation.\" >&2\n    exit 1\nfi\n# This output is used by Xcode 'outputs' to avoid re-running this script phase.\necho \"SUCCESS\" > \"${SCRIPT_OUTPUT_FILE_0}\"\n";
			showEnvVarsInLog = 0;
		};
		ADDCFE9F62851052BCF0972B /* [CP] Embed Pods Frameworks */ = {
			isa = PBXShellScriptBuildPhase;
			buildActionMask = 2147483647;
			files = (
			);
			inputFileListPaths = (
				"${PODS_ROOT}/Target Support Files/Pods-ClubHub/Pods-ClubHub-frameworks-${CONFIGURATION}-input-files.xcfilelist",
			);
			name = "[CP] Embed Pods Frameworks";
			outputFileListPaths = (
				"${PODS_ROOT}/Target Support Files/Pods-ClubHub/Pods-ClubHub-frameworks-${CONFIGURATION}-output-files.xcfilelist",
			);
			runOnlyForDeploymentPostprocessing = 0;
			shellPath = /bin/sh;
			shellScript = "\"${PODS_ROOT}/Target Support Files/Pods-ClubHub/Pods-ClubHub-frameworks.sh\"\n";
			showEnvVarsInLog = 0;
		};
/* End PBXShellScriptBuildPhase section */

/* Begin PBXSourcesBuildPhase section */
		FC7FBD8B290980B6006070B9 /* Sources */ = {
			isa = PBXSourcesBuildPhase;
			buildActionMask = 2147483647;
			files = (
				FC7FBDC32909EFEB006070B9 /* LoginViewController.swift in Sources */,
				FC7FBD93290980B6006070B9 /* AppDelegate.swift in Sources */,
				284716B1290B756F00D53225 /* AddClubViewController.swift in Sources */,
				284716B3290B75E700D53225 /* ExploreViewController.swift in Sources */,
				2869F1D2290AFC00009B6240 /* DetailClubViewController.swift in Sources */,
				284716B5290B763C00D53225 /* ClubCell.swift in Sources */,
				FC7FBD95290980B6006070B9 /* SceneDelegate.swift in Sources */,
			);
			runOnlyForDeploymentPostprocessing = 0;
		};
		FC7FBDA1290980B8006070B9 /* Sources */ = {
			isa = PBXSourcesBuildPhase;
			buildActionMask = 2147483647;
			files = (
				FC7FBDAA290980B8006070B9 /* ClubHubTests.swift in Sources */,
			);
			runOnlyForDeploymentPostprocessing = 0;
		};
		FC7FBDAB290980B8006070B9 /* Sources */ = {
			isa = PBXSourcesBuildPhase;
			buildActionMask = 2147483647;
			files = (
				FC7FBDB6290980B8006070B9 /* ClubHubUITestsLaunchTests.swift in Sources */,
				FC7FBDB4290980B8006070B9 /* ClubHubUITests.swift in Sources */,
			);
			runOnlyForDeploymentPostprocessing = 0;
		};
/* End PBXSourcesBuildPhase section */

/* Begin PBXTargetDependency section */
		FC7FBDA7290980B8006070B9 /* PBXTargetDependency */ = {
			isa = PBXTargetDependency;
			target = FC7FBD8E290980B6006070B9 /* ClubHub */;
			targetProxy = FC7FBDA6290980B8006070B9 /* PBXContainerItemProxy */;
		};
		FC7FBDB1290980B8006070B9 /* PBXTargetDependency */ = {
			isa = PBXTargetDependency;
			target = FC7FBD8E290980B6006070B9 /* ClubHub */;
			targetProxy = FC7FBDB0290980B8006070B9 /* PBXContainerItemProxy */;
		};
/* End PBXTargetDependency section */

/* Begin PBXVariantGroup section */
		FC7FBD98290980B6006070B9 /* Main.storyboard */ = {
			isa = PBXVariantGroup;
			children = (
				FC7FBD99290980B6006070B9 /* Base */,
			);
			name = Main.storyboard;
			sourceTree = "<group>";
		};
		FC7FBD9D290980B8006070B9 /* LaunchScreen.storyboard */ = {
			isa = PBXVariantGroup;
			children = (
				FC7FBD9E290980B8006070B9 /* Base */,
			);
			name = LaunchScreen.storyboard;
			sourceTree = "<group>";
		};
/* End PBXVariantGroup section */

/* Begin XCBuildConfiguration section */
		FC7FBDB7290980B8006070B9 /* Debug */ = {
			isa = XCBuildConfiguration;
			buildSettings = {
				ALWAYS_SEARCH_USER_PATHS = NO;
				CLANG_ANALYZER_NONNULL = YES;
				CLANG_ANALYZER_NUMBER_OBJECT_CONVERSION = YES_AGGRESSIVE;
				CLANG_CXX_LANGUAGE_STANDARD = "gnu++20";
				CLANG_ENABLE_MODULES = YES;
				CLANG_ENABLE_OBJC_ARC = YES;
				CLANG_ENABLE_OBJC_WEAK = YES;
				CLANG_WARN_BLOCK_CAPTURE_AUTORELEASING = YES;
				CLANG_WARN_BOOL_CONVERSION = YES;
				CLANG_WARN_COMMA = YES;
				CLANG_WARN_CONSTANT_CONVERSION = YES;
				CLANG_WARN_DEPRECATED_OBJC_IMPLEMENTATIONS = YES;
				CLANG_WARN_DIRECT_OBJC_ISA_USAGE = YES_ERROR;
				CLANG_WARN_DOCUMENTATION_COMMENTS = YES;
				CLANG_WARN_EMPTY_BODY = YES;
				CLANG_WARN_ENUM_CONVERSION = YES;
				CLANG_WARN_INFINITE_RECURSION = YES;
				CLANG_WARN_INT_CONVERSION = YES;
				CLANG_WARN_NON_LITERAL_NULL_CONVERSION = YES;
				CLANG_WARN_OBJC_IMPLICIT_RETAIN_SELF = YES;
				CLANG_WARN_OBJC_LITERAL_CONVERSION = YES;
				CLANG_WARN_OBJC_ROOT_CLASS = YES_ERROR;
				CLANG_WARN_QUOTED_INCLUDE_IN_FRAMEWORK_HEADER = YES;
				CLANG_WARN_RANGE_LOOP_ANALYSIS = YES;
				CLANG_WARN_STRICT_PROTOTYPES = YES;
				CLANG_WARN_SUSPICIOUS_MOVE = YES;
				CLANG_WARN_UNGUARDED_AVAILABILITY = YES_AGGRESSIVE;
				CLANG_WARN_UNREACHABLE_CODE = YES;
				CLANG_WARN__DUPLICATE_METHOD_MATCH = YES;
				COPY_PHASE_STRIP = NO;
				DEBUG_INFORMATION_FORMAT = dwarf;
				ENABLE_STRICT_OBJC_MSGSEND = YES;
				ENABLE_TESTABILITY = YES;
				GCC_C_LANGUAGE_STANDARD = gnu11;
				GCC_DYNAMIC_NO_PIC = NO;
				GCC_NO_COMMON_BLOCKS = YES;
				GCC_OPTIMIZATION_LEVEL = 0;
				GCC_PREPROCESSOR_DEFINITIONS = (
					"DEBUG=1",
					"$(inherited)",
				);
				GCC_WARN_64_TO_32_BIT_CONVERSION = YES;
				GCC_WARN_ABOUT_RETURN_TYPE = YES_ERROR;
				GCC_WARN_UNDECLARED_SELECTOR = YES;
				GCC_WARN_UNINITIALIZED_AUTOS = YES_AGGRESSIVE;
				GCC_WARN_UNUSED_FUNCTION = YES;
				GCC_WARN_UNUSED_VARIABLE = YES;
				IPHONEOS_DEPLOYMENT_TARGET = 15.5;
				MTL_ENABLE_DEBUG_INFO = INCLUDE_SOURCE;
				MTL_FAST_MATH = YES;
				ONLY_ACTIVE_ARCH = YES;
				SDKROOT = iphoneos;
				SWIFT_ACTIVE_COMPILATION_CONDITIONS = DEBUG;
				SWIFT_OPTIMIZATION_LEVEL = "-Onone";
			};
			name = Debug;
		};
		FC7FBDB8290980B8006070B9 /* Release */ = {
			isa = XCBuildConfiguration;
			buildSettings = {
				ALWAYS_SEARCH_USER_PATHS = NO;
				CLANG_ANALYZER_NONNULL = YES;
				CLANG_ANALYZER_NUMBER_OBJECT_CONVERSION = YES_AGGRESSIVE;
				CLANG_CXX_LANGUAGE_STANDARD = "gnu++20";
				CLANG_ENABLE_MODULES = YES;
				CLANG_ENABLE_OBJC_ARC = YES;
				CLANG_ENABLE_OBJC_WEAK = YES;
				CLANG_WARN_BLOCK_CAPTURE_AUTORELEASING = YES;
				CLANG_WARN_BOOL_CONVERSION = YES;
				CLANG_WARN_COMMA = YES;
				CLANG_WARN_CONSTANT_CONVERSION = YES;
				CLANG_WARN_DEPRECATED_OBJC_IMPLEMENTATIONS = YES;
				CLANG_WARN_DIRECT_OBJC_ISA_USAGE = YES_ERROR;
				CLANG_WARN_DOCUMENTATION_COMMENTS = YES;
				CLANG_WARN_EMPTY_BODY = YES;
				CLANG_WARN_ENUM_CONVERSION = YES;
				CLANG_WARN_INFINITE_RECURSION = YES;
				CLANG_WARN_INT_CONVERSION = YES;
				CLANG_WARN_NON_LITERAL_NULL_CONVERSION = YES;
				CLANG_WARN_OBJC_IMPLICIT_RETAIN_SELF = YES;
				CLANG_WARN_OBJC_LITERAL_CONVERSION = YES;
				CLANG_WARN_OBJC_ROOT_CLASS = YES_ERROR;
				CLANG_WARN_QUOTED_INCLUDE_IN_FRAMEWORK_HEADER = YES;
				CLANG_WARN_RANGE_LOOP_ANALYSIS = YES;
				CLANG_WARN_STRICT_PROTOTYPES = YES;
				CLANG_WARN_SUSPICIOUS_MOVE = YES;
				CLANG_WARN_UNGUARDED_AVAILABILITY = YES_AGGRESSIVE;
				CLANG_WARN_UNREACHABLE_CODE = YES;
				CLANG_WARN__DUPLICATE_METHOD_MATCH = YES;
				COPY_PHASE_STRIP = NO;
				DEBUG_INFORMATION_FORMAT = "dwarf-with-dsym";
				ENABLE_NS_ASSERTIONS = NO;
				ENABLE_STRICT_OBJC_MSGSEND = YES;
				GCC_C_LANGUAGE_STANDARD = gnu11;
				GCC_NO_COMMON_BLOCKS = YES;
				GCC_WARN_64_TO_32_BIT_CONVERSION = YES;
				GCC_WARN_ABOUT_RETURN_TYPE = YES_ERROR;
				GCC_WARN_UNDECLARED_SELECTOR = YES;
				GCC_WARN_UNINITIALIZED_AUTOS = YES_AGGRESSIVE;
				GCC_WARN_UNUSED_FUNCTION = YES;
				GCC_WARN_UNUSED_VARIABLE = YES;
				IPHONEOS_DEPLOYMENT_TARGET = 15.5;
				MTL_ENABLE_DEBUG_INFO = NO;
				MTL_FAST_MATH = YES;
				SDKROOT = iphoneos;
				SWIFT_COMPILATION_MODE = wholemodule;
				SWIFT_OPTIMIZATION_LEVEL = "-O";
				VALIDATE_PRODUCT = YES;
			};
			name = Release;
		};
		FC7FBDBA290980B8006070B9 /* Debug */ = {
			isa = XCBuildConfiguration;
			baseConfigurationReference = 7C8C34F17702D618BD155ED9 /* Pods-ClubHub.debug.xcconfig */;
			buildSettings = {
				ASSETCATALOG_COMPILER_APPICON_NAME = AppIcon;
				ASSETCATALOG_COMPILER_GLOBAL_ACCENT_COLOR_NAME = AccentColor;
				CODE_SIGN_STYLE = Automatic;
				CURRENT_PROJECT_VERSION = 1;
				DEVELOPMENT_TEAM = BW32H9JZLA;
				GENERATE_INFOPLIST_FILE = YES;
				INFOPLIST_FILE = ClubHub/Info.plist;
				INFOPLIST_KEY_UIApplicationSupportsIndirectInputEvents = YES;
				INFOPLIST_KEY_UILaunchStoryboardName = LaunchScreen;
				INFOPLIST_KEY_UIMainStoryboardFile = Main;
				INFOPLIST_KEY_UISupportedInterfaceOrientations_iPad = "UIInterfaceOrientationPortrait UIInterfaceOrientationPortraitUpsideDown UIInterfaceOrientationLandscapeLeft UIInterfaceOrientationLandscapeRight";
				INFOPLIST_KEY_UISupportedInterfaceOrientations_iPhone = "UIInterfaceOrientationPortrait UIInterfaceOrientationLandscapeLeft UIInterfaceOrientationLandscapeRight";
				LD_RUNPATH_SEARCH_PATHS = (
					"$(inherited)",
					"@executable_path/Frameworks",
				);
				MARKETING_VERSION = 1.0;
				PRODUCT_BUNDLE_IDENTIFIER = com.SalemNassar.ClubHub;
				PRODUCT_NAME = "$(TARGET_NAME)";
				SWIFT_EMIT_LOC_STRINGS = YES;
				SWIFT_VERSION = 5.0;
				TARGETED_DEVICE_FAMILY = "1,2";
			};
			name = Debug;
		};
		FC7FBDBB290980B8006070B9 /* Release */ = {
			isa = XCBuildConfiguration;
			baseConfigurationReference = FD77588F8EC74DE93CA359B8 /* Pods-ClubHub.release.xcconfig */;
			buildSettings = {
				ASSETCATALOG_COMPILER_APPICON_NAME = AppIcon;
				ASSETCATALOG_COMPILER_GLOBAL_ACCENT_COLOR_NAME = AccentColor;
				CODE_SIGN_STYLE = Automatic;
				CURRENT_PROJECT_VERSION = 1;
				DEVELOPMENT_TEAM = BW32H9JZLA;
				GENERATE_INFOPLIST_FILE = YES;
				INFOPLIST_FILE = ClubHub/Info.plist;
				INFOPLIST_KEY_UIApplicationSupportsIndirectInputEvents = YES;
				INFOPLIST_KEY_UILaunchStoryboardName = LaunchScreen;
				INFOPLIST_KEY_UIMainStoryboardFile = Main;
				INFOPLIST_KEY_UISupportedInterfaceOrientations_iPad = "UIInterfaceOrientationPortrait UIInterfaceOrientationPortraitUpsideDown UIInterfaceOrientationLandscapeLeft UIInterfaceOrientationLandscapeRight";
				INFOPLIST_KEY_UISupportedInterfaceOrientations_iPhone = "UIInterfaceOrientationPortrait UIInterfaceOrientationLandscapeLeft UIInterfaceOrientationLandscapeRight";
				LD_RUNPATH_SEARCH_PATHS = (
					"$(inherited)",
					"@executable_path/Frameworks",
				);
				MARKETING_VERSION = 1.0;
				PRODUCT_BUNDLE_IDENTIFIER = com.SalemNassar.ClubHub;
				PRODUCT_NAME = "$(TARGET_NAME)";
				SWIFT_EMIT_LOC_STRINGS = YES;
				SWIFT_VERSION = 5.0;
				TARGETED_DEVICE_FAMILY = "1,2";
			};
			name = Release;
		};
		FC7FBDBD290980B8006070B9 /* Debug */ = {
			isa = XCBuildConfiguration;
			baseConfigurationReference = 2D9B21D240D7CEF2A00A43CA /* Pods-ClubHubTests.debug.xcconfig */;
			buildSettings = {
				ALWAYS_EMBED_SWIFT_STANDARD_LIBRARIES = YES;
				BUNDLE_LOADER = "$(TEST_HOST)";
				CODE_SIGN_STYLE = Automatic;
				CURRENT_PROJECT_VERSION = 1;
				DEVELOPMENT_TEAM = BW32H9JZLA;
				GENERATE_INFOPLIST_FILE = YES;
				IPHONEOS_DEPLOYMENT_TARGET = 16.0;
				MARKETING_VERSION = 1.0;
				PRODUCT_BUNDLE_IDENTIFIER = com.SalemNassar.ClubHubTests;
				PRODUCT_NAME = "$(TARGET_NAME)";
				SWIFT_EMIT_LOC_STRINGS = NO;
				SWIFT_VERSION = 5.0;
				TARGETED_DEVICE_FAMILY = "1,2";
				TEST_HOST = "$(BUILT_PRODUCTS_DIR)/ClubHub.app/$(BUNDLE_EXECUTABLE_FOLDER_PATH)/ClubHub";
			};
			name = Debug;
		};
		FC7FBDBE290980B8006070B9 /* Release */ = {
			isa = XCBuildConfiguration;
			baseConfigurationReference = AA05E97CF445971AC90535D1 /* Pods-ClubHubTests.release.xcconfig */;
			buildSettings = {
				ALWAYS_EMBED_SWIFT_STANDARD_LIBRARIES = YES;
				BUNDLE_LOADER = "$(TEST_HOST)";
				CODE_SIGN_STYLE = Automatic;
				CURRENT_PROJECT_VERSION = 1;
				DEVELOPMENT_TEAM = BW32H9JZLA;
				GENERATE_INFOPLIST_FILE = YES;
				IPHONEOS_DEPLOYMENT_TARGET = 16.0;
				MARKETING_VERSION = 1.0;
				PRODUCT_BUNDLE_IDENTIFIER = com.SalemNassar.ClubHubTests;
				PRODUCT_NAME = "$(TARGET_NAME)";
				SWIFT_EMIT_LOC_STRINGS = NO;
				SWIFT_VERSION = 5.0;
				TARGETED_DEVICE_FAMILY = "1,2";
				TEST_HOST = "$(BUILT_PRODUCTS_DIR)/ClubHub.app/$(BUNDLE_EXECUTABLE_FOLDER_PATH)/ClubHub";
			};
			name = Release;
		};
		FC7FBDC0290980B8006070B9 /* Debug */ = {
			isa = XCBuildConfiguration;
			baseConfigurationReference = A42893D97E5C12D366351F3A /* Pods-ClubHub-ClubHubUITests.debug.xcconfig */;
			buildSettings = {
				ALWAYS_EMBED_SWIFT_STANDARD_LIBRARIES = YES;
				CODE_SIGN_STYLE = Automatic;
				CURRENT_PROJECT_VERSION = 1;
				DEVELOPMENT_TEAM = BW32H9JZLA;
				GENERATE_INFOPLIST_FILE = YES;
				MARKETING_VERSION = 1.0;
				PRODUCT_BUNDLE_IDENTIFIER = com.SalemNassar.ClubHubUITests;
				PRODUCT_NAME = "$(TARGET_NAME)";
				SWIFT_EMIT_LOC_STRINGS = NO;
				SWIFT_VERSION = 5.0;
				TARGETED_DEVICE_FAMILY = "1,2";
				TEST_TARGET_NAME = ClubHub;
			};
			name = Debug;
		};
		FC7FBDC1290980B8006070B9 /* Release */ = {
			isa = XCBuildConfiguration;
			baseConfigurationReference = C66C2455B22A4A4461CBF547 /* Pods-ClubHub-ClubHubUITests.release.xcconfig */;
			buildSettings = {
				ALWAYS_EMBED_SWIFT_STANDARD_LIBRARIES = YES;
				CODE_SIGN_STYLE = Automatic;
				CURRENT_PROJECT_VERSION = 1;
				DEVELOPMENT_TEAM = BW32H9JZLA;
				GENERATE_INFOPLIST_FILE = YES;
				MARKETING_VERSION = 1.0;
				PRODUCT_BUNDLE_IDENTIFIER = com.SalemNassar.ClubHubUITests;
				PRODUCT_NAME = "$(TARGET_NAME)";
				SWIFT_EMIT_LOC_STRINGS = NO;
				SWIFT_VERSION = 5.0;
				TARGETED_DEVICE_FAMILY = "1,2";
				TEST_TARGET_NAME = ClubHub;
			};
			name = Release;
		};
/* End XCBuildConfiguration section */

/* Begin XCConfigurationList section */
		FC7FBD8A290980B6006070B9 /* Build configuration list for PBXProject "ClubHub" */ = {
			isa = XCConfigurationList;
			buildConfigurations = (
				FC7FBDB7290980B8006070B9 /* Debug */,
				FC7FBDB8290980B8006070B9 /* Release */,
			);
			defaultConfigurationIsVisible = 0;
			defaultConfigurationName = Release;
		};
		FC7FBDB9290980B8006070B9 /* Build configuration list for PBXNativeTarget "ClubHub" */ = {
			isa = XCConfigurationList;
			buildConfigurations = (
				FC7FBDBA290980B8006070B9 /* Debug */,
				FC7FBDBB290980B8006070B9 /* Release */,
			);
			defaultConfigurationIsVisible = 0;
			defaultConfigurationName = Release;
		};
		FC7FBDBC290980B8006070B9 /* Build configuration list for PBXNativeTarget "ClubHubTests" */ = {
			isa = XCConfigurationList;
			buildConfigurations = (
				FC7FBDBD290980B8006070B9 /* Debug */,
				FC7FBDBE290980B8006070B9 /* Release */,
			);
			defaultConfigurationIsVisible = 0;
			defaultConfigurationName = Release;
		};
		FC7FBDBF290980B8006070B9 /* Build configuration list for PBXNativeTarget "ClubHubUITests" */ = {
			isa = XCConfigurationList;
			buildConfigurations = (
				FC7FBDC0290980B8006070B9 /* Debug */,
				FC7FBDC1290980B8006070B9 /* Release */,
			);
			defaultConfigurationIsVisible = 0;
			defaultConfigurationName = Release;
		};
/* End XCConfigurationList section */
	};
	rootObject = FC7FBD87290980B6006070B9 /* Project object */;
}
